
Microsoft Visual Studio Solution File, Format Version 12.00
# Visual Studio Version 16
VisualStudioVersion = 16.0.32106.194
MinimumVisualStudioVersion = 10.0.40219.1
Project("{FAE04EC0-301F-11D3-BF4B-00C04F79EFBC}") = "Singleton", "Singleton\Singleton.csproj", "{5EECEDBF-3478-4E2C-8315-6A19FD10EE7C}"
EndProject
Project("{FAE04EC0-301F-11D3-BF4B-00C04F79EFBC}") = "SingleLib", "SingleLib\SingleLib.csproj", "{35A899C0-B767-4B68-9B4D-67AF1EA1A71C}"
EndProject
Global
	GlobalSection(SolutionConfigurationPlatforms) = preSolution
		Debug|Any CPU = Debug|Any CPU
		Release|Any CPU = Release|Any CPU
	EndGlobalSection
	GlobalSection(ProjectConfigurationPlatforms) = postSolution
		{5EECEDBF-3478-4E2C-8315-6A19FD10EE7C}.Debug|Any CPU.ActiveCfg = Debug|Any CPU
		{5EECEDBF-3478-4E2C-8315-6A19FD10EE7C}.Debug|Any CPU.Build.0 = Debug|Any CPU
		{5EECEDBF-3478-4E2C-8315-6A19FD10EE7C}.Release|Any CPU.ActiveCfg = Release|Any CPU
		{5EECEDBF-3478-4E2C-8315-6A19FD10EE7C}.Release|Any CPU.Build.0 = Release|Any CPU
		{35A899C0-B767-4B68-9B4D-67AF1EA1A71C}.Debug|Any CPU.ActiveCfg = Debug|Any CPU
		{35A899C0-B767-4B68-9B4D-67AF1EA1A71C}.Debug|Any CPU.Build.0 = Debug|Any CPU
		{35A899C0-B767-4B68-9B4D-67AF1EA1A71C}.Release|Any CPU.ActiveCfg = Release|Any CPU
		{35A899C0-B767-4B68-9B4D-67AF1EA1A71C}.Release|Any CPU.Build.0 = Release|Any CPU
	EndGlobalSection
	GlobalSection(SolutionProperties) = preSolution
		HideSolutionNode = FALSE
	EndGlobalSection
	GlobalSection(ExtensibilityGlobals) = postSolution
		SolutionGuid = {0EAB4F2C-C212-4715-A0B1-93F329CE1910}
	EndGlobalSection
EndGlobal
